
Microsoft Visual Studio Solution File, Format Version 12.00
# Visual Studio Version 16
VisualStudioVersion = 16.0.31005.135
MinimumVisualStudioVersion = 10.0.40219.1
Project("{FAE04EC0-301F-11D3-BF4B-00C04F79EFBC}") = "ClientOrganizer.UI", "ClientOrganizer.UA\ClientOrganizer.UI.csproj", "{BFE04707-9E2A-46F0-8268-40E77F3BF973}"
EndProject
Global
	GlobalSection(SolutionConfigurationPlatforms) = preSolution
		Debug|Any CPU = Debug|Any CPU
		Release|Any CPU = Release|Any CPU
	EndGlobalSection
	GlobalSection(ProjectConfigurationPlatforms) = postSolution
		{BFE04707-9E2A-46F0-8268-40E77F3BF973}.Debug|Any CPU.ActiveCfg = Debug|Any CPU
		{BFE04707-9E2A-46F0-8268-40E77F3BF973}.Debug|Any CPU.Build.0 = Debug|Any CPU
		{BFE04707-9E2A-46F0-8268-40E77F3BF973}.Release|Any CPU.ActiveCfg = Release|Any CPU
		{BFE04707-9E2A-46F0-8268-40E77F3BF973}.Release|Any CPU.Build.0 = Release|Any CPU
	EndGlobalSection
	GlobalSection(SolutionProperties) = preSolution
		HideSolutionNode = FALSE
	EndGlobalSection
	GlobalSection(ExtensibilityGlobals) = postSolution
		SolutionGuid = {FB90BBEC-8D6B-45D2-B004-13A462C4EF3C}
	EndGlobalSection
EndGlobal
